Microsoft Visual Studio Solution File, Format Version 12.00
# Visual Studio 2012
Project("{FAE04EC0-301F-11D3-BF4B-00C04F79EFBC}") = "Voxeling", "Voxeling.csproj", "{56E61BB9-6B93-4373-A0F8-D7D661A3BEAA}"
EndProject
Global
	GlobalSection(SolutionConfigurationPlatforms) = preSolution
	Debug|Any CPU = Debug|Any CPU
	ExportDebug|Any CPU = ExportDebug|Any CPU
	ExportRelease|Any CPU = ExportRelease|Any CPU
	EndGlobalSection
	GlobalSection(ProjectConfigurationPlatforms) = postSolution
		{56E61BB9-6B93-4373-A0F8-D7D661A3BEAA}.Debug|Any CPU.ActiveCfg = Debug|Any CPU
		{56E61BB9-6B93-4373-A0F8-D7D661A3BEAA}.Debug|Any CPU.Build.0 = Debug|Any CPU
		{56E61BB9-6B93-4373-A0F8-D7D661A3BEAA}.ExportDebug|Any CPU.ActiveCfg = ExportDebug|Any CPU
		{56E61BB9-6B93-4373-A0F8-D7D661A3BEAA}.ExportDebug|Any CPU.Build.0 = ExportDebug|Any CPU
		{56E61BB9-6B93-4373-A0F8-D7D661A3BEAA}.ExportRelease|Any CPU.ActiveCfg = ExportRelease|Any CPU
		{56E61BB9-6B93-4373-A0F8-D7D661A3BEAA}.ExportRelease|Any CPU.Build.0 = ExportRelease|Any CPU
	EndGlobalSection
EndGlobal
